# This file is autogenerated, do not edit; changes may be undone by the next 'dep ensure'.


[[projects]]
  digest = "1:6c41d4f998a03b6604227ccad36edaed6126c397e5d78709ef4814a1145a6757"
  name = "github.com/jmoiron/sqlx"
  packages = [
    ".",
    "reflectx",
  ]
  pruneopts = "UT"
  revision = "d161d7a76b5661016ad0b085869f77fd410f3e6a"
  version = "v1.2.0"

[[projects]]
  branch = "master"
  digest = "1:a7fc52742a5d011497b6a24024c857d260f809083424cd84110c9e40c34f64fc"
  name = "github.com/lann/builder"
  packages = ["."]
  pruneopts = "UT"
  revision = "47ae307949d02aa1f1069fdafc00ca08e1dbabac"

[[projects]]
  branch = "master"
  digest = "1:225499d25a9f1486f3b77cdc4f7d6590c506c3839bb9d8497113f6d19676d54a"
  name = "github.com/lann/ps"
  packages = ["."]
  pruneopts = "UT"
  revision = "62de8c46ede02a7675c4c79c84883eb164cb71e3"

[[projects]]
  digest = "1:14a90eb1290bd0aa42848afa9ee2c9ce247abdb63c2cf614331670119760962f"
  name = "github.com/masterminds/squirrel"
  packages = ["."]
  pruneopts = "UT"
  revision = "fa735ea14f09f8685fcf5e75db091feb5a410730"
  version = "v1.1"

[[projects]]
  digest = "1:358332f335b8d7fb87ead844fc5edfd4c0eeb466b65243a41f1c753c259e5753"
  name = "github.com/smotes/purse"
  packages = ["."]
  pruneopts = "UT"
  revision = "9ce9ed34191cbabb61a4dd1d5623e69a3b95cdda"
  version = "v1.0.1"

[solve-meta]
  analyzer-name = "dep"
  analyzer-version = 1
  input-imports = [
    "github.com/jmoiron/sqlx",
    "github.com/masterminds/squirrel",
    "github.com/smotes/purse",
  ]
  solver-name = "gps-cdcl"
  solver-version = 1
